PODS:
  - IQKeyboardManager (5.0.6)
  - Material (2.12.13):
    - Material/Core (= 2.12.13)
  - Material/Core (2.12.13):
    - Motion (~> 1.2.5)
  - Motion (1.2.5):
    - Motion/Core (= 1.2.5)
  - Motion/Core (1.2.5)
  - SnapKit (4.0.0)
  - Sparrow/Core (1.1.0)
  - Sparrow/Modules/RequestPermission (1.1.0):
    - Sparrow/Core
  - SVProgressHUD (2.2.2)
  - SwiftLocation (1.2.0)

DEPENDENCIES:
  - IQKeyboardManager
  - Material
  - SnapKit (~> 4.0.0)
  - Sparrow/Modules/RequestPermission (from `https://github.com/IvanVorobei/Sparrow.git`)
  - SVProgressHUD
  - SwiftLocation

EXTERNAL SOURCES:
  Sparrow:
    :git: https://github.com/IvanVorobei/Sparrow.git

CHECKOUT OPTIONS:
  Sparrow:
    :commit: a20cea9b7a6c0f60359c3faddaf56240c357c19a
    :git: https://github.com/IvanVorobei/Sparrow.git

SPEC CHECKSUMS:
  IQKeyboardManager: 077b7f691dfa9d69db9cff66f2bed68ebfc02d9b
  Material: 91e618c162203c48b677535aee662e1f8addc2c8
  Motion: 88a8bee21926af792333f4b9e7170f710e9e48f3
  SnapKit: a42d492c16e80209130a3379f73596c3454b7694
  Sparrow: 86b8f0d7598dc52ff2b06bb1df05feb297d1821f
  SVProgressHUD: 59b2d3dabacbd051576d21d32293ca7228dc18b0
  SwiftLocation: 021a180b6dff74e683a9c20319c003ea8473b793

PODFILE CHECKSUM: 8a018929c8f280ec5470dcfc38d3258620d0a10f

COCOAPODS: 1.2.0.beta.3
